// !$*UTF8*$!
{
	archiveVersion = 1;
	classes = {
	};
	objectVersion = 48;
	objects = {

/* Begin PBXBuildFile section */
		442FF69E1F94BB74003EF318 /* AppDelegate.swift in Sources */ = {isa = PBXBuildFile; fileRef = 442FF69D1F94BB74003EF318 /* AppDelegate.swift */; };
		442FF6A01F94BB74003EF318 /* ViewController.swift in Sources */ = {isa = PBXBuildFile; fileRef = 442FF69F1F94BB74003EF318 /* ViewController.swift */; };
		442FF6A31F94BB74003EF318 /* Main.storyboard in Resources */ = {isa = PBXBuildFile; fileRef = 442FF6A11F94BB74003EF318 /* Main.storyboard */; };
		442FF6A51F94BB74003EF318 /* Assets.xcassets in Resources */ = {isa = PBXBuildFile; fileRef = 442FF6A41F94BB74003EF318 /* Assets.xcassets */; };
		442FF6A81F94BB74003EF318 /* LaunchScreen.storyboard in Resources */ = {isa = PBXBuildFile; fileRef = 442FF6A61F94BB74003EF318 /* LaunchScreen.storyboard */; };
		442FF6B31F94BB74003EF318 /* reSwiftTests.swift in Sources */ = {isa = PBXBuildFile; fileRef = 442FF6B21F94BB74003EF318 /* reSwiftTests.swift */; };
		5B9F173B1F960E8400089D7A /* TrendingListCell.swift in Sources */ = {isa = PBXBuildFile; fileRef = 5B9F17391F960E8400089D7A /* TrendingListCell.swift */; };
		5B9F173C1F960E8400089D7A /* TrendingListCell.xib in Resources */ = {isa = PBXBuildFile; fileRef = 5B9F173A1F960E8400089D7A /* TrendingListCell.xib */; };
		5BE3BCD11F94EE8B005EE49C /* TrendingList.storyboard in Resources */ = {isa = PBXBuildFile; fileRef = 5BE3BCD01F94EE8A005EE49C /* TrendingList.storyboard */; };
		5BE3BCD31F94F677005EE49C /* TrendingListVC.swift in Sources */ = {isa = PBXBuildFile; fileRef = 5BE3BCD21F94F677005EE49C /* TrendingListVC.swift */; };
/* End PBXBuildFile section */

/* Begin PBXContainerItemProxy section */
		442FF6AF1F94BB74003EF318 /* PBXContainerItemProxy */ = {
			isa = PBXContainerItemProxy;
			containerPortal = 442FF6921F94BB74003EF318 /* Project object */;
			proxyType = 1;
			remoteGlobalIDString = 442FF6991F94BB74003EF318;
			remoteInfo = reSwift;
		};
/* End PBXContainerItemProxy section */

/* Begin PBXFileReference section */
		442FF69A1F94BB74003EF318 /* reSwift.app */ = {isa = PBXFileReference; explicitFileType = wrapper.application; includeInIndex = 0; path = reSwift.app; sourceTree = BUILT_PRODUCTS_DIR; };
		442FF69D1F94BB74003EF318 /* AppDelegate.swift */ = {isa = PBXFileReference; lastKnownFileType = sourcecode.swift; path = AppDelegate.swift; sourceTree = "<group>"; };
		442FF69F1F94BB74003EF318 /* ViewController.swift */ = {isa = PBXFileReference; lastKnownFileType = sourcecode.swift; path = ViewController.swift; sourceTree = "<group>"; };
		442FF6A21F94BB74003EF318 /* Base */ = {isa = PBXFileReference; lastKnownFileType = file.storyboard; name = Base; path = Base.lproj/Main.storyboard; sourceTree = "<group>"; };
		442FF6A41F94BB74003EF318 /* Assets.xcassets */ = {isa = PBXFileReference; lastKnownFileType = folder.assetcatalog; path = Assets.xcassets; sourceTree = "<group>"; };
		442FF6A71F94BB74003EF318 /* Base */ = {isa = PBXFileReference; lastKnownFileType = file.storyboard; name = Base; path = Base.lproj/LaunchScreen.storyboard; sourceTree = "<group>"; };
		442FF6A91F94BB74003EF318 /* Info.plist */ = {isa = PBXFileReference; lastKnownFileType = text.plist.xml; path = Info.plist; sourceTree = "<group>"; };
		442FF6AE1F94BB74003EF318 /* reSwiftTests.xctest */ = {isa = PBXFileReference; explicitFileType = wrapper.cfbundle; includeInIndex = 0; path = reSwiftTests.xctest; sourceTree = BUILT_PRODUCTS_DIR; };
		442FF6B21F94BB74003EF318 /* reSwiftTests.swift */ = {isa = PBXFileReference; lastKnownFileType = sourcecode.swift; path = reSwiftTests.swift; sourceTree = "<group>"; };
		442FF6B41F94BB74003EF318 /* Info.plist */ = {isa = PBXFileReference; lastKnownFileType = text.plist.xml; path = Info.plist; sourceTree = "<group>"; };
		5B9F17391F960E8400089D7A /* TrendingListCell.swift */ = {isa = PBXFileReference; lastKnownFileType = sourcecode.swift; path = TrendingListCell.swift; sourceTree = "<group>"; };
		5B9F173A1F960E8400089D7A /* TrendingListCell.xib */ = {isa = PBXFileReference; lastKnownFileType = file.xib; path = TrendingListCell.xib; sourceTree = "<group>"; };
		5BD1A2BC1F963A8D002DBDF3 /* GothamProMedium.ttf */ = {isa = PBXFileReference; lastKnownFileType = file; path = GothamProMedium.ttf; sourceTree = "<group>"; };
		5BD1A2BD1F963B26002DBDF3 /* GothamProRegular.ttf */ = {isa = PBXFileReference; lastKnownFileType = file; path = GothamProRegular.ttf; sourceTree = "<group>"; };
		5BE3BCD01F94EE8A005EE49C /* TrendingList.storyboard */ = {isa = PBXFileReference; lastKnownFileType = file.storyboard; path = TrendingList.storyboard; sourceTree = "<group>"; };
		5BE3BCD21F94F677005EE49C /* TrendingListVC.swift */ = {isa = PBXFileReference; lastKnownFileType = sourcecode.swift; path = TrendingListVC.swift; sourceTree = "<group>"; };
/* End PBXFileReference section */

/* Begin PBXFrameworksBuildPhase section */
		442FF6971F94BB74003EF318 /* Frameworks */ = {
			isa = PBXFrameworksBuildPhase;
			buildActionMask = 2147483647;
			files = (
				73795E1255F915981A063C67 /* Pods_reSwift.framework in Frameworks */,
			);
			runOnlyForDeploymentPostprocessing = 0;
		};
		442FF6AB1F94BB74003EF318 /* Frameworks */ = {
			isa = PBXFrameworksBuildPhase;
			buildActionMask = 2147483647;
			files = (
				B9F621DDDA195468231B3783 /* Pods_reSwiftTests.framework in Frameworks */,
			);
			runOnlyForDeploymentPostprocessing = 0;
		};
/* End PBXFrameworksBuildPhase section */

/* Begin PBXGroup section */
		442FF6911F94BB74003EF318 = {
			isa = PBXGroup;
			children = (
				442FF69C1F94BB74003EF318 /* reSwift */,
				442FF6B11F94BB74003EF318 /* reSwiftTests */,
				442FF69B1F94BB74003EF318 /* Products */,
			);
			sourceTree = "<group>";
		};
		442FF69B1F94BB74003EF318 /* Products */ = {
			isa = PBXGroup;
			children = (
				442FF69A1F94BB74003EF318 /* reSwift.app */,
				442FF6AE1F94BB74003EF318 /* reSwiftTests.xctest */,
			);
			name = Products;
			sourceTree = "<group>";
		};
		442FF69C1F94BB74003EF318 /* reSwift */ = {
			isa = PBXGroup;
			children = (
				442FF69D1F94BB74003EF318 /* AppDelegate.swift */,
				442FF69F1F94BB74003EF318 /* ViewController.swift */,
				5BE3BCD21F94F677005EE49C /* TrendingListVC.swift */,
				5B9F17391F960E8400089D7A /* TrendingListCell.swift */,
				5B9F173A1F960E8400089D7A /* TrendingListCell.xib */,
				442FF6A11F94BB74003EF318 /* Main.storyboard */,
				5BE3BCD01F94EE8A005EE49C /* TrendingList.storyboard */,
				442FF6A41F94BB74003EF318 /* Assets.xcassets */,
				5BD1A2BD1F963B26002DBDF3 /* GothamProRegular.ttf */,
				5BD1A2BC1F963A8D002DBDF3 /* GothamProMedium.ttf */,
				442FF6A61F94BB74003EF318 /* LaunchScreen.storyboard */,
				442FF6A91F94BB74003EF318 /* Info.plist */,
			);
			path = reSwift;
			sourceTree = "<group>";
		};
		442FF6B11F94BB74003EF318 /* reSwiftTests */ = {
			isa = PBXGroup;
			children = (
				442FF6B21F94BB74003EF318 /* reSwiftTests.swift */,
				442FF6B41F94BB74003EF318 /* Info.plist */,
			);
			path = reSwiftTests;
			sourceTree = "<group>";
		};
		5F758032E1C350A1AD061504 /* Pods */ = {
			isa = PBXGroup;
			children = (
				CF884295F125644E0B20422A /* Pods-reSwift.debug.xcconfig */,
				7320D71D1E07C3AC970060C3 /* Pods-reSwift.release.xcconfig */,
				2D08BF97E96DF9F87330A27E /* Pods-reSwiftTests.debug.xcconfig */,
				49FD15036B71B246A5BE772B /* Pods-reSwiftTests.release.xcconfig */,
			);
			name = Pods;
			sourceTree = "<group>";
		};
		773C7540616A012CAB4FF19F /* Frameworks */ = {
			isa = PBXGroup;
			children = (
				2BF62D4CA82BB2D936980D8B /* Pods_reSwift.framework */,
				A4599BFEA1DC66DACC27EE95 /* Pods_reSwiftTests.framework */,
			);
			name = Frameworks;
			sourceTree = "<group>";
		};
/* End PBXGroup section */

/* Begin PBXNativeTarget section */
		442FF6991F94BB74003EF318 /* reSwift */ = {
			isa = PBXNativeTarget;
			buildConfigurationList = 442FF6B71F94BB74003EF318 /* Build configuration list for PBXNativeTarget "reSwift" */;
			buildPhases = (
				442FF6961F94BB74003EF318 /* Sources */,
				442FF6971F94BB74003EF318 /* Frameworks */,
				442FF6981F94BB74003EF318 /* Resources */,
			);
			buildRules = (
			);
			dependencies = (
			);
			name = reSwift;
			productName = reSwift;
			productReference = 442FF69A1F94BB74003EF318 /* reSwift.app */;
			productType = "com.apple.product-type.application";
		};
		442FF6AD1F94BB74003EF318 /* reSwiftTests */ = {
			isa = PBXNativeTarget;
			buildConfigurationList = 442FF6BA1F94BB74003EF318 /* Build configuration list for PBXNativeTarget "reSwiftTests" */;
			buildPhases = (
				442FF6AA1F94BB74003EF318 /* Sources */,
				442FF6AB1F94BB74003EF318 /* Frameworks */,
				442FF6AC1F94BB74003EF318 /* Resources */,
			);
			buildRules = (
			);
			dependencies = (
				442FF6B01F94BB74003EF318 /* PBXTargetDependency */,
			);
			name = reSwiftTests;
			productName = reSwiftTests;
			productReference = 442FF6AE1F94BB74003EF318 /* reSwiftTests.xctest */;
			productType = "com.apple.product-type.bundle.unit-test";
		};
/* End PBXNativeTarget section */

/* Begin PBXProject section */
		442FF6921F94BB74003EF318 /* Project object */ = {
			isa = PBXProject;
			attributes = {
				LastSwiftUpdateCheck = 0900;
				LastUpgradeCheck = 0900;
				ORGANIZATIONNAME = "Crossroad Labs s.r.o.";
				TargetAttributes = {
					442FF6991F94BB74003EF318 = {
						CreatedOnToolsVersion = 9.0;
						ProvisioningStyle = Automatic;
					};
					442FF6AD1F94BB74003EF318 = {
						CreatedOnToolsVersion = 9.0;
						ProvisioningStyle = Automatic;
						TestTargetID = 442FF6991F94BB74003EF318;
					};
				};
			};
			buildConfigurationList = 442FF6951F94BB74003EF318 /* Build configuration list for PBXProject "reSwift" */;
			compatibilityVersion = "Xcode 8.0";
			developmentRegion = en;
			hasScannedForEncodings = 0;
			knownRegions = (
				en,
				Base,
			);
			mainGroup = 442FF6911F94BB74003EF318;
			productRefGroup = 442FF69B1F94BB74003EF318 /* Products */;
			projectDirPath = "";
			projectRoot = "";
			targets = (
				442FF6991F94BB74003EF318 /* reSwift */,
				442FF6AD1F94BB74003EF318 /* reSwiftTests */,
			);
		};
/* End PBXProject section */

/* Begin PBXResourcesBuildPhase section */
		442FF6981F94BB74003EF318 /* Resources */ = {
			isa = PBXResourcesBuildPhase;
			buildActionMask = 2147483647;
			files = (
				442FF6A81F94BB74003EF318 /* LaunchScreen.storyboard in Resources */,
				5BE3BCD11F94EE8B005EE49C /* TrendingList.storyboard in Resources */,
				5B9F173C1F960E8400089D7A /* TrendingListCell.xib in Resources */,
				442FF6A51F94BB74003EF318 /* Assets.xcassets in Resources */,
				442FF6A31F94BB74003EF318 /* Main.storyboard in Resources */,
			);
			runOnlyForDeploymentPostprocessing = 0;
		};
		442FF6AC1F94BB74003EF318 /* Resources */ = {
			isa = PBXResourcesBuildPhase;
			buildActionMask = 2147483647;
			files = (
			);
			runOnlyForDeploymentPostprocessing = 0;
		};
/* End PBXResourcesBuildPhase section */

/* Begin PBXShellScriptBuildPhase section */
		3136EA9083688650EB7526EB /* [CP] Embed Pods Frameworks */ = {
			isa = PBXShellScriptBuildPhase;
			buildActionMask = 2147483647;
			files = (
			);
			inputPaths = (
			);
			name = "[CP] Embed Pods Frameworks";
			outputPaths = (
			);
			runOnlyForDeploymentPostprocessing = 0;
			shellPath = /bin/sh;
			shellScript = "\"${SRCROOT}/Pods/Target Support Files/Pods-reSwiftTests/Pods-reSwiftTests-frameworks.sh\"\n";
			showEnvVarsInLog = 0;
		};
		50DCA7BF6CE965E120719D89 /* [CP] Check Pods Manifest.lock */ = {
			isa = PBXShellScriptBuildPhase;
			buildActionMask = 2147483647;
			files = (
			);
			inputPaths = (
				"${PODS_PODFILE_DIR_PATH}/Podfile.lock",
				"${PODS_ROOT}/Manifest.lock",
			);
			name = "[CP] Check Pods Manifest.lock";
			outputPaths = (
				"$(DERIVED_FILE_DIR)/Pods-reSwiftTests-checkManifestLockResult.txt",
			);
			runOnlyForDeploymentPostprocessing = 0;
			shellPath = /bin/sh;
			shellScript = "diff \"${PODS_PODFILE_DIR_PATH}/Podfile.lock\" \"${PODS_ROOT}/Manifest.lock\" > /dev/null\nif [ $? != 0 ] ; then\n    # print error to STDERR\n    echo \"error: The sandbox is not in sync with the Podfile.lock. Run 'pod install' or update your CocoaPods installation.\" >&2\n    exit 1\nfi\n# This output is used by Xcode 'outputs' to avoid re-running this script phase.\necho \"SUCCESS\" > \"${SCRIPT_OUTPUT_FILE_0}\"\n";
			showEnvVarsInLog = 0;
		};
		5653E0526A9A48233879925A /* [CP] Check Pods Manifest.lock */ = {
			isa = PBXShellScriptBuildPhase;
			buildActionMask = 2147483647;
			files = (
			);
			inputPaths = (
				"${PODS_PODFILE_DIR_PATH}/Podfile.lock",
				"${PODS_ROOT}/Manifest.lock",
			);
			name = "[CP] Check Pods Manifest.lock";
			outputPaths = (
				"$(DERIVED_FILE_DIR)/Pods-reSwift-checkManifestLockResult.txt",
			);
			runOnlyForDeploymentPostprocessing = 0;
			shellPath = /bin/sh;
			shellScript = "diff \"${PODS_PODFILE_DIR_PATH}/Podfile.lock\" \"${PODS_ROOT}/Manifest.lock\" > /dev/null\nif [ $? != 0 ] ; then\n    # print error to STDERR\n    echo \"error: The sandbox is not in sync with the Podfile.lock. Run 'pod install' or update your CocoaPods installation.\" >&2\n    exit 1\nfi\n# This output is used by Xcode 'outputs' to avoid re-running this script phase.\necho \"SUCCESS\" > \"${SCRIPT_OUTPUT_FILE_0}\"\n";
			showEnvVarsInLog = 0;
		};
		7956738666837852BC34F476 /* [CP] Copy Pods Resources */ = {
			isa = PBXShellScriptBuildPhase;
			buildActionMask = 2147483647;
			files = (
			);
			inputPaths = (
			);
			name = "[CP] Copy Pods Resources";
			outputPaths = (
			);
			runOnlyForDeploymentPostprocessing = 0;
			shellPath = /bin/sh;
			shellScript = "\"${SRCROOT}/Pods/Target Support Files/Pods-reSwiftTests/Pods-reSwiftTests-resources.sh\"\n";
			showEnvVarsInLog = 0;
		};
		F5D40980D1FF24307CBF6662 /* [CP] Embed Pods Frameworks */ = {
			isa = PBXShellScriptBuildPhase;
			buildActionMask = 2147483647;
			files = (
			);
			inputPaths = (
			);
			name = "[CP] Embed Pods Frameworks";
			outputPaths = (
			);
			runOnlyForDeploymentPostprocessing = 0;
			shellPath = /bin/sh;
			shellScript = "\"${SRCROOT}/Pods/Target Support Files/Pods-reSwift/Pods-reSwift-frameworks.sh\"\n";
			showEnvVarsInLog = 0;
		};
		FE136AA80750B4179FA9E037 /* [CP] Copy Pods Resources */ = {
			isa = PBXShellScriptBuildPhase;
			buildActionMask = 2147483647;
			files = (
			);
			inputPaths = (
			);
			name = "[CP] Copy Pods Resources";
			outputPaths = (
			);
			runOnlyForDeploymentPostprocessing = 0;
			shellPath = /bin/sh;
			shellScript = "\"${SRCROOT}/Pods/Target Support Files/Pods-reSwift/Pods-reSwift-resources.sh\"\n";
			showEnvVarsInLog = 0;
		};
/* End PBXShellScriptBuildPhase section */

/* Begin PBXSourcesBuildPhase section */
		442FF6961F94BB74003EF318 /* Sources */ = {
			isa = PBXSourcesBuildPhase;
			buildActionMask = 2147483647;
			files = (
				5B9F173B1F960E8400089D7A /* TrendingListCell.swift in Sources */,
				442FF6A01F94BB74003EF318 /* ViewController.swift in Sources */,
				5BE3BCD31F94F677005EE49C /* TrendingListVC.swift in Sources */,
				442FF69E1F94BB74003EF318 /* AppDelegate.swift in Sources */,
			);
			runOnlyForDeploymentPostprocessing = 0;
		};
		442FF6AA1F94BB74003EF318 /* Sources */ = {
			isa = PBXSourcesBuildPhase;
			buildActionMask = 2147483647;
			files = (
				442FF6B31F94BB74003EF318 /* reSwiftTests.swift in Sources */,
			);
			runOnlyForDeploymentPostprocessing = 0;
		};
/* End PBXSourcesBuildPhase section */

/* Begin PBXTargetDependency section */
		442FF6B01F94BB74003EF318 /* PBXTargetDependency */ = {
			isa = PBXTargetDependency;
			target = 442FF6991F94BB74003EF318 /* reSwift */;
			targetProxy = 442FF6AF1F94BB74003EF318 /* PBXContainerItemProxy */;
		};
/* End PBXTargetDependency section */

/* Begin PBXVariantGroup section */
		442FF6A11F94BB74003EF318 /* Main.storyboard */ = {
			isa = PBXVariantGroup;
			children = (
				442FF6A21F94BB74003EF318 /* Base */,
			);
			name = Main.storyboard;
			sourceTree = "<group>";
		};
		442FF6A61F94BB74003EF318 /* LaunchScreen.storyboard */ = {
			isa = PBXVariantGroup;
			children = (
				442FF6A71F94BB74003EF318 /* Base */,
			);
			name = LaunchScreen.storyboard;
			sourceTree = "<group>";
		};
/* End PBXVariantGroup section */

/* Begin XCBuildConfiguration section */
		442FF6B51F94BB74003EF318 /* Debug */ = {
			isa = XCBuildConfiguration;
			buildSettings = {
				ALWAYS_SEARCH_USER_PATHS = NO;
				CLANG_ANALYZER_NONNULL = YES;
				CLANG_ANALYZER_NUMBER_OBJECT_CONVERSION = YES_AGGRESSIVE;
				CLANG_CXX_LANGUAGE_STANDARD = "gnu++14";
				CLANG_CXX_LIBRARY = "libc++";
				CLANG_ENABLE_MODULES = YES;
				CLANG_ENABLE_OBJC_ARC = YES;
				CLANG_WARN_BLOCK_CAPTURE_AUTORELEASING = YES;
				CLANG_WARN_BOOL_CONVERSION = YES;
				CLANG_WARN_COMMA = YES;
				CLANG_WARN_CONSTANT_CONVERSION = YES;
				CLANG_WARN_DIRECT_OBJC_ISA_USAGE = YES_ERROR;
				CLANG_WARN_DOCUMENTATION_COMMENTS = YES;
				CLANG_WARN_EMPTY_BODY = YES;
				CLANG_WARN_ENUM_CONVERSION = YES;
				CLANG_WARN_INFINITE_RECURSION = YES;
				CLANG_WARN_INT_CONVERSION = YES;
				CLANG_WARN_NON_LITERAL_NULL_CONVERSION = YES;
				CLANG_WARN_OBJC_LITERAL_CONVERSION = YES;
				CLANG_WARN_OBJC_ROOT_CLASS = YES_ERROR;
				CLANG_WARN_RANGE_LOOP_ANALYSIS = YES;
				CLANG_WARN_STRICT_PROTOTYPES = YES;
				CLANG_WARN_SUSPICIOUS_MOVE = YES;
				CLANG_WARN_UNGUARDED_AVAILABILITY = YES_AGGRESSIVE;
				CLANG_WARN_UNREACHABLE_CODE = YES;
				CLANG_WARN__DUPLICATE_METHOD_MATCH = YES;
				CODE_SIGN_IDENTITY = "iPhone Developer";
				COPY_PHASE_STRIP = NO;
				DEBUG_INFORMATION_FORMAT = dwarf;
				ENABLE_STRICT_OBJC_MSGSEND = YES;
				ENABLE_TESTABILITY = YES;
				GCC_C_LANGUAGE_STANDARD = gnu11;
				GCC_DYNAMIC_NO_PIC = NO;
				GCC_NO_COMMON_BLOCKS = YES;
				GCC_OPTIMIZATION_LEVEL = 0;
				GCC_PREPROCESSOR_DEFINITIONS = (
					"DEBUG=1",
					"$(inherited)",
				);
				GCC_WARN_64_TO_32_BIT_CONVERSION = YES;
				GCC_WARN_ABOUT_RETURN_TYPE = YES_ERROR;
				GCC_WARN_UNDECLARED_SELECTOR = YES;
				GCC_WARN_UNINITIALIZED_AUTOS = YES_AGGRESSIVE;
				GCC_WARN_UNUSED_FUNCTION = YES;
				GCC_WARN_UNUSED_VARIABLE = YES;
				IPHONEOS_DEPLOYMENT_TARGET = 11.0;
				MTL_ENABLE_DEBUG_INFO = YES;
				ONLY_ACTIVE_ARCH = YES;
				SDKROOT = iphoneos;
				SWIFT_ACTIVE_COMPILATION_CONDITIONS = DEBUG;
				SWIFT_OPTIMIZATION_LEVEL = "-Onone";
			};
			name = Debug;
		};
		442FF6B61F94BB74003EF318 /* Release */ = {
			isa = XCBuildConfiguration;
			buildSettings = {
				ALWAYS_SEARCH_USER_PATHS = NO;
				CLANG_ANALYZER_NONNULL = YES;
				CLANG_ANALYZER_NUMBER_OBJECT_CONVERSION = YES_AGGRESSIVE;
				CLANG_CXX_LANGUAGE_STANDARD = "gnu++14";
				CLANG_CXX_LIBRARY = "libc++";
				CLANG_ENABLE_MODULES = YES;
				CLANG_ENABLE_OBJC_ARC = YES;
				CLANG_WARN_BLOCK_CAPTURE_AUTORELEASING = YES;
				CLANG_WARN_BOOL_CONVERSION = YES;
				CLANG_WARN_COMMA = YES;
				CLANG_WARN_CONSTANT_CONVERSION = YES;
				CLANG_WARN_DIRECT_OBJC_ISA_USAGE = YES_ERROR;
				CLANG_WARN_DOCUMENTATION_COMMENTS = YES;
				CLANG_WARN_EMPTY_BODY = YES;
				CLANG_WARN_ENUM_CONVERSION = YES;
				CLANG_WARN_INFINITE_RECURSION = YES;
				CLANG_WARN_INT_CONVERSION = YES;
				CLANG_WARN_NON_LITERAL_NULL_CONVERSION = YES;
				CLANG_WARN_OBJC_LITERAL_CONVERSION = YES;
				CLANG_WARN_OBJC_ROOT_CLASS = YES_ERROR;
				CLANG_WARN_RANGE_LOOP_ANALYSIS = YES;
				CLANG_WARN_STRICT_PROTOTYPES = YES;
				CLANG_WARN_SUSPICIOUS_MOVE = YES;
				CLANG_WARN_UNGUARDED_AVAILABILITY = YES_AGGRESSIVE;
				CLANG_WARN_UNREACHABLE_CODE = YES;
				CLANG_WARN__DUPLICATE_METHOD_MATCH = YES;
				CODE_SIGN_IDENTITY = "iPhone Developer";
				COPY_PHASE_STRIP = NO;
				DEBUG_INFORMATION_FORMAT = "dwarf-with-dsym";
				ENABLE_NS_ASSERTIONS = NO;
				ENABLE_STRICT_OBJC_MSGSEND = YES;
				GCC_C_LANGUAGE_STANDARD = gnu11;
				GCC_NO_COMMON_BLOCKS = YES;
				GCC_WARN_64_TO_32_BIT_CONVERSION = YES;
				GCC_WARN_ABOUT_RETURN_TYPE = YES_ERROR;
				GCC_WARN_UNDECLARED_SELECTOR = YES;
				GCC_WARN_UNINITIALIZED_AUTOS = YES_AGGRESSIVE;
				GCC_WARN_UNUSED_FUNCTION = YES;
				GCC_WARN_UNUSED_VARIABLE = YES;
				IPHONEOS_DEPLOYMENT_TARGET = 11.0;
				MTL_ENABLE_DEBUG_INFO = NO;
				SDKROOT = iphoneos;
				SWIFT_OPTIMIZATION_LEVEL = "-Owholemodule";
				VALIDATE_PRODUCT = YES;
			};
			name = Release;
		};
		442FF6B81F94BB74003EF318 /* Debug */ = {
			isa = XCBuildConfiguration;
			baseConfigurationReference = CF884295F125644E0B20422A /* Pods-reSwift.debug.xcconfig */;
			buildSettings = {
				ASSETCATALOG_COMPILER_APPICON_NAME = AppIcon;
				CODE_SIGN_STYLE = Automatic;
				DEVELOPMENT_TEAM = PAHD429XH6;
				INFOPLIST_FILE = reSwift/Info.plist;
				LD_RUNPATH_SEARCH_PATHS = "$(inherited) @executable_path/Frameworks";
				PRODUCT_BUNDLE_IDENTIFIER = xyz.crossroadlabs.reSwift;
				PRODUCT_NAME = "$(TARGET_NAME)";
				SWIFT_VERSION = 4.0;
				TARGETED_DEVICE_FAMILY = "1,2";
			};
			name = Debug;
		};
		442FF6B91F94BB74003EF318 /* Release */ = {
			isa = XCBuildConfiguration;
			baseConfigurationReference = 7320D71D1E07C3AC970060C3 /* Pods-reSwift.release.xcconfig */;
			buildSettings = {
				ASSETCATALOG_COMPILER_APPICON_NAME = AppIcon;
				CODE_SIGN_STYLE = Automatic;
				DEVELOPMENT_TEAM = PAHD429XH6;
				INFOPLIST_FILE = reSwift/Info.plist;
				LD_RUNPATH_SEARCH_PATHS = "$(inherited) @executable_path/Frameworks";
				PRODUCT_BUNDLE_IDENTIFIER = xyz.crossroadlabs.reSwift;
				PRODUCT_NAME = "$(TARGET_NAME)";
				SWIFT_VERSION = 4.0;
				TARGETED_DEVICE_FAMILY = "1,2";
			};
			name = Release;
		};
		442FF6BB1F94BB74003EF318 /* Debug */ = {
			isa = XCBuildConfiguration;
			baseConfigurationReference = 2D08BF97E96DF9F87330A27E /* Pods-reSwiftTests.debug.xcconfig */;
			buildSettings = {
				ALWAYS_EMBED_SWIFT_STANDARD_LIBRARIES = YES;
				BUNDLE_LOADER = "$(TEST_HOST)";
				CODE_SIGN_STYLE = Automatic;
				DEVELOPMENT_TEAM = Y92JL37YF3;
				INFOPLIST_FILE = reSwiftTests/Info.plist;
				LD_RUNPATH_SEARCH_PATHS = "$(inherited) @executable_path/Frameworks @loader_path/Frameworks";
				PRODUCT_BUNDLE_IDENTIFIER = xyz.crossroadlabs.reSwiftTests;
				PRODUCT_NAME = "$(TARGET_NAME)";
				SWIFT_VERSION = 4.0;
				TARGETED_DEVICE_FAMILY = "1,2";
				TEST_HOST = "$(BUILT_PRODUCTS_DIR)/reSwift.app/reSwift";
			};
			name = Debug;
		};
		442FF6BC1F94BB74003EF318 /* Release */ = {
			isa = XCBuildConfiguration;
			baseConfigurationReference = 49FD15036B71B246A5BE772B /* Pods-reSwiftTests.release.xcconfig */;
			buildSettings = {
				ALWAYS_EMBED_SWIFT_STANDARD_LIBRARIES = YES;
				BUNDLE_LOADER = "$(TEST_HOST)";
				CODE_SIGN_STYLE = Automatic;
				DEVELOPMENT_TEAM = Y92JL37YF3;
				INFOPLIST_FILE = reSwiftTests/Info.plist;
				LD_RUNPATH_SEARCH_PATHS = "$(inherited) @executable_path/Frameworks @loader_path/Frameworks";
				PRODUCT_BUNDLE_IDENTIFIER = xyz.crossroadlabs.reSwiftTests;
				PRODUCT_NAME = "$(TARGET_NAME)";
				SWIFT_VERSION = 4.0;
				TARGETED_DEVICE_FAMILY = "1,2";
				TEST_HOST = "$(BUILT_PRODUCTS_DIR)/reSwift.app/reSwift";
			};
			name = Release;
		};
/* End XCBuildConfiguration section */

/* Begin XCConfigurationList section */
		442FF6951F94BB74003EF318 /* Build configuration list for PBXProject "reSwift" */ = {
			isa = XCConfigurationList;
			buildConfigurations = (
				442FF6B51F94BB74003EF318 /* Debug */,
				442FF6B61F94BB74003EF318 /* Release */,
			);
			defaultConfigurationIsVisible = 0;
			defaultConfigurationName = Release;
		};
		442FF6B71F94BB74003EF318 /* Build configuration list for PBXNativeTarget "reSwift" */ = {
			isa = XCConfigurationList;
			buildConfigurations = (
				442FF6B81F94BB74003EF318 /* Debug */,
				442FF6B91F94BB74003EF318 /* Release */,
			);
			defaultConfigurationIsVisible = 0;
			defaultConfigurationName = Release;
		};
		442FF6BA1F94BB74003EF318 /* Build configuration list for PBXNativeTarget "reSwiftTests" */ = {
			isa = XCConfigurationList;
			buildConfigurations = (
				442FF6BB1F94BB74003EF318 /* Debug */,
				442FF6BC1F94BB74003EF318 /* Release */,
			);
			defaultConfigurationIsVisible = 0;
			defaultConfigurationName = Release;
		};
/* End XCConfigurationList section */
	};
	rootObject = 442FF6921F94BB74003EF318 /* Project object */;
}
